
Microsoft Visual Studio Solution File, Format Version 12.00
# Visual Studio Version 17
VisualStudioVersion = 17.14.36414.22 d17.14
MinimumVisualStudioVersion = 10.0.40219.1
Project("{FAE04EC0-301F-11D3-BF4B-00C04F79EFBC}") = "ToDo.Api", "ToDo.Api\ToDo.Api.csproj", "{D6F497FE-06EA-487C-9258-5A1B0C28DA8A}"
EndProject
Project("{FAE04EC0-301F-11D3-BF4B-00C04F79EFBC}") = "ToDo.Application", "ToDo.Application\ToDo.Application.csproj", "{350E8856-3223-46AC-898C-375A4537291B}"
EndProject
Project("{FAE04EC0-301F-11D3-BF4B-00C04F79EFBC}") = "ToDo.Core", "ToDo.Core\ToDo.Core.csproj", "{33A1201C-F185-4882-B917-3C20EC250C91}"
EndProject
Project("{FAE04EC0-301F-11D3-BF4B-00C04F79EFBC}") = "ToDo.Infrastructure", "ToDo.Infrastructure\ToDo.Infrastructure.csproj", "{283AC7D8-469C-4F2D-AD33-DE2E608E1568}"
EndProject
Global
	GlobalSection(SolutionConfigurationPlatforms) = preSolution
		Debug|Any CPU = Debug|Any CPU
		Release|Any CPU = Release|Any CPU
	EndGlobalSection
	GlobalSection(ProjectConfigurationPlatforms) = postSolution
		{D6F497FE-06EA-487C-9258-5A1B0C28DA8A}.Debug|Any CPU.ActiveCfg = Debug|Any CPU
		{D6F497FE-06EA-487C-9258-5A1B0C28DA8A}.Debug|Any CPU.Build.0 = Debug|Any CPU
		{D6F497FE-06EA-487C-9258-5A1B0C28DA8A}.Release|Any CPU.ActiveCfg = Release|Any CPU
		{D6F497FE-06EA-487C-9258-5A1B0C28DA8A}.Release|Any CPU.Build.0 = Release|Any CPU
		{350E8856-3223-46AC-898C-375A4537291B}.Debug|Any CPU.ActiveCfg = Debug|Any CPU
		{350E8856-3223-46AC-898C-375A4537291B}.Debug|Any CPU.Build.0 = Debug|Any CPU
		{350E8856-3223-46AC-898C-375A4537291B}.Release|Any CPU.ActiveCfg = Release|Any CPU
		{350E8856-3223-46AC-898C-375A4537291B}.Release|Any CPU.Build.0 = Release|Any CPU
		{33A1201C-F185-4882-B917-3C20EC250C91}.Debug|Any CPU.ActiveCfg = Debug|Any CPU
		{33A1201C-F185-4882-B917-3C20EC250C91}.Debug|Any CPU.Build.0 = Debug|Any CPU
		{33A1201C-F185-4882-B917-3C20EC250C91}.Release|Any CPU.ActiveCfg = Release|Any CPU
		{33A1201C-F185-4882-B917-3C20EC250C91}.Release|Any CPU.Build.0 = Release|Any CPU
		{283AC7D8-469C-4F2D-AD33-DE2E608E1568}.Debug|Any CPU.ActiveCfg = Debug|Any CPU
		{283AC7D8-469C-4F2D-AD33-DE2E608E1568}.Debug|Any CPU.Build.0 = Debug|Any CPU
		{283AC7D8-469C-4F2D-AD33-DE2E608E1568}.Release|Any CPU.ActiveCfg = Release|Any CPU
		{283AC7D8-469C-4F2D-AD33-DE2E608E1568}.Release|Any CPU.Build.0 = Release|Any CPU
	EndGlobalSection
	GlobalSection(SolutionProperties) = preSolution
		HideSolutionNode = FALSE
	EndGlobalSection
	GlobalSection(ExtensibilityGlobals) = postSolution
		SolutionGuid = {FC3538A1-0A63-4841-80BA-3CD9C0CD4038}
	EndGlobalSection
EndGlobal
